{
  "originHash" : "7746660bf088e1fd5dbe7e292b9b10894513f8842ab2df86d555d40c94ceb082",
  "pins" : [
    {
      "identity" : "jirotravelersmap-model",
      "kind" : "remoteSourceControl",
      "location" : "https://github.com/417-72KI/JiroTravelersMap-Model",
      "state" : {
        "branch" : "main",
        "revision" : "3f53ff03a91b5b02bf95489cfc97d04a1a9aee22"
      }
    },
    {
      "identity" : "pathkit",
      "kind" : "remoteSourceControl",
      "location" : "https://github.com/kylef/PathKit.git",
      "state" : {
        "revision" : "3bfd2737b700b9a36565a8c94f4ad2b050a5e574",
        "version" : "1.0.1"
      }
    },
    {
      "identity" : "spectre",
      "kind" : "remoteSourceControl",
      "location" : "https://github.com/kylef/Spectre.git",
      "state" : {
        "revision" : "26cc5e9ae0947092c7139ef7ba612e34646086c7",
        "version" : "0.10.1"
      }
    },
    {
      "identity" : "swift-argument-parser",
      "kind" : "remoteSourceControl",
      "location" : "https://github.com/apple/swift-argument-parser",
      "state" : {
        "revision" : "6a52f3251125d74daf04fcbd5e6f08a75d074382",
        "version" : "1.8.2"
      }
    }
  ],
  "version" : 3
}
