{
  "originHash" : "97e55aa60a2b2d0f558e160ad8a4c25d51f0e4405d462abdb2ad18230f0d4671",
  "pins" : [
    {
      "identity" : "jirotravelersmap-model",
      "kind" : "remoteSourceControl",
      "location" : "https://github.com/417-72KI/JiroTravelersMap-Model",
      "state" : {
        "branch" : "main",
        "revision" : "3f53ff03a91b5b02bf95489cfc97d04a1a9aee22"
      }
    },
    {
      "identity" : "swift-argument-parser",
      "kind" : "remoteSourceControl",
      "location" : "https://github.com/apple/swift-argument-parser",
      "state" : {
        "revision" : "6a52f3251125d74daf04fcbd5e6f08a75d074382",
        "version" : "1.8.2"
      }
    }
  ],
  "version" : 3
}
